{
    "_readme": [
        "This file locks the dependencies of your project to a known state",
        "Read more about it at https://getcomposer.org/doc/01-basic-usage.md#composer-lock-the-lock-file",
        "This file is @generated automatically"
    ],
    "hash": "1f4c93232a7a8a686f4550912440754a",
    "content-hash": "791fb8a349f8118ae3945e43dcfdfe16",
    "packages": [
        {
            "name": "pear/console_commandline",
            "version": "v1.2.1",
            "source": {
                "type": "git",
                "url": "https://github.com/pear/Console_CommandLine.git",
                "reference": "cdcf721e6d8a5a217765b548b0bc843018e61b4d"
            },
            "dist": {
                "type": "zip",
                "url": "https://api.github.com/repos/pear/Console_CommandLine/zipball/cdcf721e6d8a5a217765b548b0bc843018e61b4d",
                "reference": "cdcf721e6d8a5a217765b548b0bc843018e61b4d",
                "shasum": ""
            },
            "require": {
                "ext-dom": "*",
                "ext-xml": "*",
                "pear/pear_exception": "^1.0.0",
                "php": ">=5.1.0"
            },
            "require-dev": {
                "phpunit/phpunit": "*"
            },
            "type": "library",
            "autoload": {
                "psr-0": {
                    "Console": "./"
                }
            },
            "notification-url": "https://packagist.org/downloads/",
            "include-path": [
                ""
            ],
            "license": [
                "MIT"
            ],
            "authors": [
                {
                    "name": "Richard Quadling",
                    "email": "RQuadling@GMail.com"
                },
                {
                    "name": "David Jean Louis",
                    "email": "izimobil@gmail.com"
                }
            ],
            "description": "A full featured command line options and arguments parser.",
            "homepage": "https://github.com/pear/Console_CommandLine",
            "keywords": [
                "console"
            ],
            "time": "2015-12-10 19:54:57"
        },
        {
            "name": "pear/pear_exception",
            "version": "v1.0.0",
            "source": {
                "type": "git",
                "url": "https://github.com/pear/PEAR_Exception.git",
                "reference": "8c18719fdae000b690e3912be401c76e406dd13b"
            },
            "dist": {
                "type": "zip",
                "url": "https://api.github.com/repos/pear/PEAR_Exception/zipball/8c18719fdae000b690e3912be401c76e406dd13b",
                "reference": "8c18719fdae000b690e3912be401c76e406dd13b",
                "shasum": ""
            },
            "require": {
                "php": ">=4.4.0"
            },
            "require-dev": {
                "phpunit/phpunit": "*"
            },
            "type": "class",
            "extra": {
                "branch-alias": {
                    "dev-master": "1.0.x-dev"
                }
            },
            "autoload": {
                "psr-0": {
                    "PEAR": ""
                }
            },
            "notification-url": "https://packagist.org/downloads/",
            "include-path": [
                "."
            ],
            "license": [
                "BSD-2-Clause"
            ],
            "authors": [
                {
                    "name": "Helgi Thormar",
                    "email": "dufuz@php.net"
                },
                {
                    "name": "Greg Beaver",
                    "email": "cellog@php.net"
                }
            ],
            "description": "The PEAR Exception base class.",
            "homepage": "https://github.com/pear/PEAR_Exception",
            "keywords": [
                "exception"
            ],
            "time": "2015-02-10 20:07:52"
        }
    ],
    "packages-dev": [],
    "aliases": [],
    "minimum-stability": "stable",
    "stability-flags": [],
    "prefer-stable": false,
    "prefer-lowest": false,
    "platform": [],
    "platform-dev": []
}
